
Microsoft Visual Studio Solution File, Format Version 12.00
# Visual Studio Version 17
VisualStudioVersion = 17.5.002.0
MinimumVisualStudioVersion = 10.0.40219.1
Project("{9A19103F-16F7-4668-BE54-9A1E7A4F7556}") = "Discount.Grpc", "Discount.Grpc\Discount.Grpc.csproj", "{3CACA314-2BF9-4863-A053-B0E90E562682}"
EndProject
Global
	GlobalSection(SolutionConfigurationPlatforms) = preSolution
		Debug|Any CPU = Debug|Any CPU
		Release|Any CPU = Release|Any CPU
	EndGlobalSection
	GlobalSection(ProjectConfigurationPlatforms) = postSolution
		{3CACA314-2BF9-4863-A053-B0E90E562682}.Debug|Any CPU.ActiveCfg = Debug|Any CPU
		{3CACA314-2BF9-4863-A053-B0E90E562682}.Debug|Any CPU.Build.0 = Debug|Any CPU
		{3CACA314-2BF9-4863-A053-B0E90E562682}.Release|Any CPU.ActiveCfg = Release|Any CPU
		{3CACA314-2BF9-4863-A053-B0E90E562682}.Release|Any CPU.Build.0 = Release|Any CPU
	EndGlobalSection
	GlobalSection(SolutionProperties) = preSolution
		HideSolutionNode = FALSE
	EndGlobalSection
	GlobalSection(ExtensibilityGlobals) = postSolution
		SolutionGuid = {DE3A47F2-E2D1-4D78-BD83-513BE93E46D6}
	EndGlobalSection
EndGlobal
